
Microsoft Visual Studio Solution File, Format Version 12.00
# Visual Studio Version 16
VisualStudioVersion = 16.0.31729.503
MinimumVisualStudioVersion = 10.0.40219.1
Project("{9A19103F-16F7-4668-BE54-9A1E7A4F7556}") = "AuthAPI", "AuthAPI\AuthAPI.csproj", "{2EAA9BFA-8C7C-42A5-B007-D5A72E8D728C}"
EndProject
Global
	GlobalSection(SolutionConfigurationPlatforms) = preSolution
		Debug|Any CPU = Debug|Any CPU
		Release|Any CPU = Release|Any CPU
	EndGlobalSection
	GlobalSection(ProjectConfigurationPlatforms) = postSolution
		{2EAA9BFA-8C7C-42A5-B007-D5A72E8D728C}.Debug|Any CPU.ActiveCfg = Debug|Any CPU
		{2EAA9BFA-8C7C-42A5-B007-D5A72E8D728C}.Debug|Any CPU.Build.0 = Debug|Any CPU
		{2EAA9BFA-8C7C-42A5-B007-D5A72E8D728C}.Release|Any CPU.ActiveCfg = Release|Any CPU
		{2EAA9BFA-8C7C-42A5-B007-D5A72E8D728C}.Release|Any CPU.Build.0 = Release|Any CPU
	EndGlobalSection
	GlobalSection(SolutionProperties) = preSolution
		HideSolutionNode = FALSE
	EndGlobalSection
	GlobalSection(ExtensibilityGlobals) = postSolution
		SolutionGuid = {2C1E4EC8-2843-4C73-8154-0510DB7354B5}
	EndGlobalSection
EndGlobal
